
Microsoft Visual Studio Solution File, Format Version 12.00
# Visual Studio Version 17
VisualStudioVersion = 17.3.32804.467
MinimumVisualStudioVersion = 10.0.40219.1
Project("{9A19103F-16F7-4668-BE54-9A1E7A4F7556}") = "DekigataModels", "DekigataModels\DekigataModels.csproj", "{EDA3DCA6-9473-4454-BB66-477F052FFD68}"
EndProject
Project("{9A19103F-16F7-4668-BE54-9A1E7A4F7556}") = "DekigataSample", "DekigataSample\DekigataSample.csproj", "{C65BBCD5-EBC6-4EEA-83FB-7C0803A70D7A}"
EndProject
Project("{FAE04EC0-301F-11D3-BF4B-00C04F79EFBC}") = "DekigataChangeFeed", "DekigataChangeFeed\DekigataChangeFeed.csproj", "{35072A1F-FA55-4137-ACAD-CD0D4DD5BA73}"
EndProject
Global
	GlobalSection(SolutionConfigurationPlatforms) = preSolution
		Debug|Any CPU = Debug|Any CPU
		Release|Any CPU = Release|Any CPU
	EndGlobalSection
	GlobalSection(ProjectConfigurationPlatforms) = postSolution
		{EDA3DCA6-9473-4454-BB66-477F052FFD68}.Debug|Any CPU.ActiveCfg = Debug|Any CPU
		{EDA3DCA6-9473-4454-BB66-477F052FFD68}.Debug|Any CPU.Build.0 = Debug|Any CPU
		{EDA3DCA6-9473-4454-BB66-477F052FFD68}.Release|Any CPU.ActiveCfg = Release|Any CPU
		{EDA3DCA6-9473-4454-BB66-477F052FFD68}.Release|Any CPU.Build.0 = Release|Any CPU
		{C65BBCD5-EBC6-4EEA-83FB-7C0803A70D7A}.Debug|Any CPU.ActiveCfg = Debug|Any CPU
		{C65BBCD5-EBC6-4EEA-83FB-7C0803A70D7A}.Debug|Any CPU.Build.0 = Debug|Any CPU
		{C65BBCD5-EBC6-4EEA-83FB-7C0803A70D7A}.Release|Any CPU.ActiveCfg = Release|Any CPU
		{C65BBCD5-EBC6-4EEA-83FB-7C0803A70D7A}.Release|Any CPU.Build.0 = Release|Any CPU
		{35072A1F-FA55-4137-ACAD-CD0D4DD5BA73}.Debug|Any CPU.ActiveCfg = Debug|Any CPU
		{35072A1F-FA55-4137-ACAD-CD0D4DD5BA73}.Debug|Any CPU.Build.0 = Debug|Any CPU
		{35072A1F-FA55-4137-ACAD-CD0D4DD5BA73}.Release|Any CPU.ActiveCfg = Release|Any CPU
		{35072A1F-FA55-4137-ACAD-CD0D4DD5BA73}.Release|Any CPU.Build.0 = Release|Any CPU
	EndGlobalSection
	GlobalSection(SolutionProperties) = preSolution
		HideSolutionNode = FALSE
	EndGlobalSection
	GlobalSection(ExtensibilityGlobals) = postSolution
		SolutionGuid = {A99C78BD-ABD1-4895-973B-B45440D4C85A}
	EndGlobalSection
EndGlobal
